
Microsoft Visual Studio Solution File, Format Version 12.00
# Visual Studio 2012
Project("{FAE04EC0-301F-11D3-BF4B-00C04F79EFBC}") = "BlockBuster", "BlockBuster\BlockBuster.csproj", "{C2187C5F-711F-40AE-B4E0-8BA3576DFEB2}"
EndProject
Project("{FAE04EC0-301F-11D3-BF4B-00C04F79EFBC}") = "BlockBuster.Tests", "BlockBuster.Tests\BlockBuster.Tests.csproj", "{DA135D6F-A6DB-4AA5-BAD8-071E7D79FF53}"
EndProject
Global
	GlobalSection(SolutionConfigurationPlatforms) = preSolution
		Debug|Any CPU = Debug|Any CPU
		Release|Any CPU = Release|Any CPU
	EndGlobalSection
	GlobalSection(ProjectConfigurationPlatforms) = postSolution
		{C2187C5F-711F-40AE-B4E0-8BA3576DFEB2}.Debug|Any CPU.ActiveCfg = Debug|Any CPU
		{C2187C5F-711F-40AE-B4E0-8BA3576DFEB2}.Debug|Any CPU.Build.0 = Debug|Any CPU
		{C2187C5F-711F-40AE-B4E0-8BA3576DFEB2}.Release|Any CPU.ActiveCfg = Release|Any CPU
		{C2187C5F-711F-40AE-B4E0-8BA3576DFEB2}.Release|Any CPU.Build.0 = Release|Any CPU
		{DA135D6F-A6DB-4AA5-BAD8-071E7D79FF53}.Debug|Any CPU.ActiveCfg = Debug|Any CPU
		{DA135D6F-A6DB-4AA5-BAD8-071E7D79FF53}.Debug|Any CPU.Build.0 = Debug|Any CPU
		{DA135D6F-A6DB-4AA5-BAD8-071E7D79FF53}.Release|Any CPU.ActiveCfg = Release|Any CPU
		{DA135D6F-A6DB-4AA5-BAD8-071E7D79FF53}.Release|Any CPU.Build.0 = Release|Any CPU
	EndGlobalSection
	GlobalSection(SolutionProperties) = preSolution
		HideSolutionNode = FALSE
	EndGlobalSection
EndGlobal
